{
  "name": "ipp5-adlibitum-modules",
  "version": "0.0.0",
  "lockfileVersion": 3,
  "requires": true,
  "packages": {
    "": {
      "name": "ipp5-adlibitum-modules",
      "version": "0.0.0",
      "license": "MIT",
      "dependencies": {
        "hold": "github:e53e04ac/hold",
        "ipp5-adlibitum-esm-loader": "github:e53e04ac/ipp5-adlibitum-esm-loader"
      },
      "devDependencies": {
        "@types/node": "^18.11.19"
      }
    },
    "node_modules/@types/node": {
      "version": "18.11.19",
      "resolved": "https://registry.npmjs.org/@types/node/-/node-18.11.19.tgz",
      "integrity": "sha512-YUgMWAQBWLObABqrvx8qKO1enAvBUdjZOAWQ5grBAkp5LQv45jBvYKZ3oFS9iKRCQyFjqw6iuEa1vmFqtxYLZw==",
      "dev": true
    },
    "node_modules/hold": {
      "version": "0.0.0",
      "resolved": "git+ssh://git@github.com/e53e04ac/hold.git#71c950a1abcf1cfea9606e5b433f86791c962772",
      "license": "MIT"
    },
    "node_modules/ipp5-adlibitum-esm-loader": {
      "version": "0.0.0",
      "resolved": "git+ssh://git@github.com/e53e04ac/ipp5-adlibitum-esm-loader.git#24e24d900f8d98f749c0292f8318b12a0be23240",
      "license": "MIT"
    }
  }
}
