{
  "name": "ipp5-adlibitum-modules",
  "version": "0.0.0",
  "lockfileVersion": 3,
  "requires": true,
  "packages": {
    "": {
      "name": "ipp5-adlibitum-modules",
      "version": "0.0.0",
      "license": "MIT",
      "dependencies": {
        "event-emitter": "github:e53e04ac/event-emitter",
        "hold": "github:e53e04ac/hold",
        "ipp5-adlibitum-esm-loader": "github:e53e04ac/ipp5-adlibitum-esm-loader"
      },
      "devDependencies": {
        "@types/node": "^18.11.19"
      },
      "engines": {
        "node": ">=18.14.2",
        "npm": ">=9.5.0"
      }
    },
    "node_modules/@types/node": {
      "version": "18.14.6",
      "resolved": "https://registry.npmjs.org/@types/node/-/node-18.14.6.tgz",
      "integrity": "sha512-93+VvleD3mXwlLI/xASjw0FzKcwzl3OdTCzm1LaRfqgS21gfFtK3zDXM5Op9TeeMsJVOaJ2VRDpT9q4Y3d0AvA==",
      "dev": true
    },
    "node_modules/base": {
      "version": "0.0.0",
      "resolved": "git+ssh://git@github.com/e53e04ac/base.git#670acc97a4738c5d59ad80088971762efc970b18",
      "license": "MIT",
      "dependencies": {
        "hold": "github:e53e04ac/hold"
      },
      "engines": {
        "node": ">=18.14.2",
        "npm": ">=9.5.0"
      }
    },
    "node_modules/event-emitter": {
      "version": "0.0.0",
      "resolved": "git+ssh://git@github.com/e53e04ac/event-emitter.git#db90659b1c25a4e17e8a8dbf8920a630fd30321d",
      "license": "MIT",
      "dependencies": {
        "base": "github:e53e04ac/base",
        "hold": "github:e53e04ac/hold"
      },
      "engines": {
        "node": ">=18.14.2",
        "npm": ">=9.5.0"
      }
    },
    "node_modules/hold": {
      "version": "0.0.0",
      "resolved": "git+ssh://git@github.com/e53e04ac/hold.git#472cfb85bada328cba9c6faddcf45b1241761027",
      "license": "MIT",
      "engines": {
        "node": ">=18.14.2",
        "npm": ">=9.5.0"
      }
    },
    "node_modules/ipp5-adlibitum-esm-loader": {
      "version": "0.0.0",
      "resolved": "git+ssh://git@github.com/e53e04ac/ipp5-adlibitum-esm-loader.git#cda354e5b5574ce7842a2d302ae5d34513ab0d46",
      "license": "MIT",
      "dependencies": {
        "event-emitter": "github:e53e04ac/event-emitter"
      },
      "engines": {
        "node": ">=18.14.2",
        "npm": ">=9.5.0"
      }
    }
  }
}
