{
  "name": "ipp5-adlibitum-modules",
  "version": "0.0.0",
  "lockfileVersion": 3,
  "requires": true,
  "packages": {
    "": {
      "name": "ipp5-adlibitum-modules",
      "version": "0.0.0",
      "license": "MIT",
      "dependencies": {
        "hold": "github:e53e04ac/hold",
        "ipp5-adlibitum-esm-loader": "github:e53e04ac/ipp5-adlibitum-esm-loader"
      },
      "devDependencies": {
        "@types/node": "^18.11.18"
      }
    },
    "node_modules/@types/node": {
      "version": "18.11.18",
      "resolved": "https://registry.npmjs.org/@types/node/-/node-18.11.18.tgz",
      "integrity": "sha512-DHQpWGjyQKSHj3ebjFI/wRKcqQcdR+MoFBygntYOZytCqNfkd2ZC4ARDJ2DQqhjH5p85Nnd3jhUJIXrszFX/JA==",
      "dev": true
    },
    "node_modules/hold": {
      "version": "0.0.0",
      "resolved": "git+ssh://git@github.com/e53e04ac/hold.git#71c950a1abcf1cfea9606e5b433f86791c962772",
      "license": "MIT"
    },
    "node_modules/ipp5-adlibitum-esm-loader": {
      "version": "0.0.0",
      "resolved": "git+ssh://git@github.com/e53e04ac/ipp5-adlibitum-esm-loader.git#34da363c35621aa9d3843933d0d30dba45c2f222",
      "license": "MIT"
    }
  }
}
